
Microsoft Visual Studio Solution File, Format Version 12.00
# Visual Studio 15
VisualStudioVersion = 15.0.28307.168
MinimumVisualStudioVersion = 10.0.40219.1
Project("{FAE04EC0-301F-11D3-BF4B-00C04F79EFBC}") = "TasksOrdering", "TasksOrdering\TasksOrdering.csproj", "{9C22C38A-6FC9-417B-8CDE-5907AAE3E3B6}"
EndProject
Project("{FAE04EC0-301F-11D3-BF4B-00C04F79EFBC}") = "TaskTest", "TaskTest\TaskTest.csproj", "{7783F88D-C669-4A2C-8CB4-8874650E0917}"
EndProject
Global
	GlobalSection(SolutionConfigurationPlatforms) = preSolution
		Debug|Any CPU = Debug|Any CPU
		Release|Any CPU = Release|Any CPU
	EndGlobalSection
	GlobalSection(ProjectConfigurationPlatforms) = postSolution
		{9C22C38A-6FC9-417B-8CDE-5907AAE3E3B6}.Debug|Any CPU.ActiveCfg = Debug|Any CPU
		{9C22C38A-6FC9-417B-8CDE-5907AAE3E3B6}.Debug|Any CPU.Build.0 = Debug|Any CPU
		{9C22C38A-6FC9-417B-8CDE-5907AAE3E3B6}.Release|Any CPU.ActiveCfg = Release|Any CPU
		{9C22C38A-6FC9-417B-8CDE-5907AAE3E3B6}.Release|Any CPU.Build.0 = Release|Any CPU
		{7783F88D-C669-4A2C-8CB4-8874650E0917}.Debug|Any CPU.ActiveCfg = Debug|Any CPU
		{7783F88D-C669-4A2C-8CB4-8874650E0917}.Debug|Any CPU.Build.0 = Debug|Any CPU
		{7783F88D-C669-4A2C-8CB4-8874650E0917}.Release|Any CPU.ActiveCfg = Release|Any CPU
		{7783F88D-C669-4A2C-8CB4-8874650E0917}.Release|Any CPU.Build.0 = Release|Any CPU
	EndGlobalSection
	GlobalSection(SolutionProperties) = preSolution
		HideSolutionNode = FALSE
	EndGlobalSection
	GlobalSection(ExtensibilityGlobals) = postSolution
		SolutionGuid = {57C5903E-3F13-44FD-B5D5-B9C958FFB673}
	EndGlobalSection
EndGlobal
